{
  "name": "rickandmorty",
  "version": "1.0.0",
  "lockfileVersion": 2,
  "requires": true,
  "packages": {
    "": {
      "name": "rickandmorty",
      "version": "1.0.0",
      "license": "ISC",
      "dependencies": {
        "bootstrap": "^4.5.2",
        "font-awesome": "^4.7.0",
        "jquery": "^3.5.1",
        "lite": "^2.0.15",
        "popper.js": "^1.16.1",
        "rickmortyapi": "^1.0.0",
        "startbootstrap-bare": "^5.0.7"
      }
    },
    "node_modules/@popperjs/core": {
      "version": "2.11.2",
      "resolved": "https://registry.npmjs.org/@popperjs/core/-/core-2.11.2.tgz",
      "integrity": "sha512-92FRmppjjqz29VMJ2dn+xdyXZBrMlE42AV6Kq6BwjWV7CNUW1hs2FtxSNLQE+gJhaZ6AAmYuO9y8dshhcBl7vA==",
      "peer": true,
      "funding": {
        "type": "opencollective",
        "url": "https://opencollective.com/popperjs"
      }
    },
    "node_modules/bootstrap": {
      "version": "4.5.2",
      "resolved": "https://registry.npmjs.org/bootstrap/-/bootstrap-4.5.2.tgz",
      "integrity": "sha512-vlGn0bcySYl/iV+BGA544JkkZP5LB3jsmkeKLFQakCOwCM3AOk7VkldBz4jrzSe+Z0Ezn99NVXa1o45cQY4R6A==",
      "funding": {
        "type": "opencollective",
        "url": "https://opencollective.com/bootstrap"
      },
      "peerDependencies": {
        "jquery": "1.9.1 - 3",
        "popper.js": "^1.16.1"
      }
    },
    "node_modules/font-awesome": {
      "version": "4.7.0",
      "resolved": "https://registry.npmjs.org/font-awesome/-/font-awesome-4.7.0.tgz",
      "integrity": "sha1-j6jPBBGhoxr9B7BtKQK7n8gVoTM=",
      "engines": {
        "node": ">=0.10.3"
      }
    },
    "node_modules/jquery": {
      "version": "3.5.1",
      "resolved": "https://registry.npmjs.org/jquery/-/jquery-3.5.1.tgz",
      "integrity": "sha512-XwIBPqcMn57FxfT+Go5pzySnm4KWkT1Tv7gjrpT1srtf8Weynl6R273VJ5GjkRb51IzMp5nbaPjJXMWeju2MKg=="
    },
    "node_modules/lite": {
      "version": "2.0.15",
      "resolved": "https://registry.npmjs.org/lite/-/lite-2.0.15.tgz",
      "integrity": "sha1-5dmlm5ZdE0g4I2KJLmZyanENTjA=",
      "engines": {
        "node": ">=0.5"
      }
    },
    "node_modules/popper.js": {
      "version": "1.16.1",
      "resolved": "https://registry.npmjs.org/popper.js/-/popper.js-1.16.1.tgz",
      "integrity": "sha512-Wb4p1J4zyFTbM+u6WuO4XstYx4Ky9Cewe4DWrel7B0w6VVICvPwdOpotjzcf6eD8TsckVnIMNONQyPIUFOUbCQ==",
      "deprecated": "You can find the new Popper v2 at @popperjs/core, this package is dedicated to the legacy v1",
      "funding": {
        "type": "opencollective",
        "url": "https://opencollective.com/popperjs"
      }
    },
    "node_modules/rickmortyapi": {
      "version": "1.0.0",
      "resolved": "https://registry.npmjs.org/rickmortyapi/-/rickmortyapi-1.0.0.tgz",
      "integrity": "sha512-1Qz7pjbJ1HmemkI8sgz+6Lx6TpJ47bu2hz2rmtduCgZCyXl+dD+Orc+0p2avLe/cXZBo7coFSo4sTST6nL8+gQ==",
      "engines": {
        "node": ">= 10"
      }
    },
    "node_modules/startbootstrap-bare": {
      "version": "5.0.7",
      "resolved": "https://registry.npmjs.org/startbootstrap-bare/-/startbootstrap-bare-5.0.7.tgz",
      "integrity": "sha512-Z8P7wR80XWGJmspr0HPI3Che+UCaMysl1eDc2+aXdsc1hDEjsjPFDuSB3ypDaT56IyHVa0QQdnwSEKbPX+onMg==",
      "dependencies": {
        "bootstrap": "5.1.3"
      }
    },
    "node_modules/startbootstrap-bare/node_modules/bootstrap": {
      "version": "5.1.3",
      "resolved": "https://registry.npmjs.org/bootstrap/-/bootstrap-5.1.3.tgz",
      "integrity": "sha512-fcQztozJ8jToQWXxVuEyXWW+dSo8AiXWKwiSSrKWsRB/Qt+Ewwza+JWoLKiTuQLaEPhdNAJ7+Dosc9DOIqNy7Q==",
      "funding": {
        "type": "opencollective",
        "url": "https://opencollective.com/bootstrap"
      },
      "peerDependencies": {
        "@popperjs/core": "^2.10.2"
      }
    }
  },
  "dependencies": {
    "@popperjs/core": {
      "version": "2.11.2",
      "resolved": "https://registry.npmjs.org/@popperjs/core/-/core-2.11.2.tgz",
      "integrity": "sha512-92FRmppjjqz29VMJ2dn+xdyXZBrMlE42AV6Kq6BwjWV7CNUW1hs2FtxSNLQE+gJhaZ6AAmYuO9y8dshhcBl7vA==",
      "peer": true
    },
    "bootstrap": {
      "version": "4.5.2",
      "resolved": "https://registry.npmjs.org/bootstrap/-/bootstrap-4.5.2.tgz",
      "integrity": "sha512-vlGn0bcySYl/iV+BGA544JkkZP5LB3jsmkeKLFQakCOwCM3AOk7VkldBz4jrzSe+Z0Ezn99NVXa1o45cQY4R6A==",
      "requires": {}
    },
    "font-awesome": {
      "version": "4.7.0",
      "resolved": "https://registry.npmjs.org/font-awesome/-/font-awesome-4.7.0.tgz",
      "integrity": "sha1-j6jPBBGhoxr9B7BtKQK7n8gVoTM="
    },
    "jquery": {
      "version": "3.5.1",
      "resolved": "https://registry.npmjs.org/jquery/-/jquery-3.5.1.tgz",
      "integrity": "sha512-XwIBPqcMn57FxfT+Go5pzySnm4KWkT1Tv7gjrpT1srtf8Weynl6R273VJ5GjkRb51IzMp5nbaPjJXMWeju2MKg=="
    },
    "lite": {
      "version": "2.0.15",
      "resolved": "https://registry.npmjs.org/lite/-/lite-2.0.15.tgz",
      "integrity": "sha1-5dmlm5ZdE0g4I2KJLmZyanENTjA="
    },
    "popper.js": {
      "version": "1.16.1",
      "resolved": "https://registry.npmjs.org/popper.js/-/popper.js-1.16.1.tgz",
      "integrity": "sha512-Wb4p1J4zyFTbM+u6WuO4XstYx4Ky9Cewe4DWrel7B0w6VVICvPwdOpotjzcf6eD8TsckVnIMNONQyPIUFOUbCQ=="
    },
    "rickmortyapi": {
      "version": "1.0.0",
      "resolved": "https://registry.npmjs.org/rickmortyapi/-/rickmortyapi-1.0.0.tgz",
      "integrity": "sha512-1Qz7pjbJ1HmemkI8sgz+6Lx6TpJ47bu2hz2rmtduCgZCyXl+dD+Orc+0p2avLe/cXZBo7coFSo4sTST6nL8+gQ=="
    },
    "startbootstrap-bare": {
      "version": "5.0.7",
      "resolved": "https://registry.npmjs.org/startbootstrap-bare/-/startbootstrap-bare-5.0.7.tgz",
      "integrity": "sha512-Z8P7wR80XWGJmspr0HPI3Che+UCaMysl1eDc2+aXdsc1hDEjsjPFDuSB3ypDaT56IyHVa0QQdnwSEKbPX+onMg==",
      "requires": {
        "bootstrap": "5.1.3"
      },
      "dependencies": {
        "bootstrap": {
          "version": "5.1.3",
          "resolved": "https://registry.npmjs.org/bootstrap/-/bootstrap-5.1.3.tgz",
          "integrity": "sha512-fcQztozJ8jToQWXxVuEyXWW+dSo8AiXWKwiSSrKWsRB/Qt+Ewwza+JWoLKiTuQLaEPhdNAJ7+Dosc9DOIqNy7Q==",
          "requires": {}
        }
      }
    }
  }
}
